{
  "name": "msgmesh-example-agent-notifier",
  "version": "0.1.0",
  "lockfileVersion": 3,
  "requires": true,
  "packages": {
    "": {
      "name": "msgmesh-example-agent-notifier",
      "version": "0.1.0",
      "license": "MIT",
      "dependencies": {
        "@msgmesh/sdk": "^0.5.0"
      },
      "engines": {
        "node": ">=20.6.0"
      }
    },
    "node_modules/@msgmesh/sdk": {
      "version": "0.5.0",
      "resolved": "https://registry.npmjs.org/@msgmesh/sdk/-/sdk-0.5.0.tgz",
      "integrity": "sha512-FLHRiOtAAj1wYgwh+UB1gUAD+hOkdzrZyVAKM2lbiBCJm8k+KJWSkQM7nXgPTOLretXSWLEBtX7FUa8u6D+/iw==",
      "license": "MIT"
    }
  }
}
