{
  "name": "msgmesh-example-agent-notifier",
  "version": "0.1.0",
  "lockfileVersion": 3,
  "requires": true,
  "packages": {
    "": {
      "name": "msgmesh-example-agent-notifier",
      "version": "0.1.0",
      "license": "MIT",
      "dependencies": {
        "@msgmesh/sdk": "^0.7.0"
      },
      "engines": {
        "node": ">=20.6.0"
      }
    },
    "node_modules/@msgmesh/sdk": {
      "version": "0.7.0",
      "resolved": "https://registry.npmjs.org/@msgmesh/sdk/-/sdk-0.7.0.tgz",
      "integrity": "sha512-TRbm8A3HJ1EskLs3q1CxWJ22P4YgBOSscl1LQ76PAv3ZPfsHDkkr+4bMDXEGjCoscGIdlCfy+76CCNCqogYzbw==",
      "license": "MIT"
    }
  }
}
