{
  "name": "msgmesh-example-agent-notifier",
  "version": "0.1.0",
  "lockfileVersion": 3,
  "requires": true,
  "packages": {
    "": {
      "name": "msgmesh-example-agent-notifier",
      "version": "0.1.0",
      "license": "MIT",
      "dependencies": {
        "@msgmesh/sdk": "^0.4.0"
      },
      "engines": {
        "node": ">=20.6.0"
      }
    },
    "node_modules/@msgmesh/sdk": {
      "version": "0.4.0",
      "resolved": "https://registry.npmjs.org/@msgmesh/sdk/-/sdk-0.4.0.tgz",
      "integrity": "sha512-DbZo0NIZrz9YbeYQA2motrtO+E8zaMpDv9Lg313SJnJrcMDsgARLqB/LD9b0OonXCQ3wOATdpgCtfzEvZduiHg==",
      "license": "MIT"
    }
  }
}
